
Microsoft Visual Studio Solution File, Format Version 12.00
# Visual Studio Version 16
VisualStudioVersion = 16.0.33529.622
MinimumVisualStudioVersion = 10.0.40219.1
Project("{9A19103F-16F7-4668-BE54-9A1E7A4F7556}") = "app-web-backend", "app-web-backend\app-web-backend.csproj", "{EFA58B25-E98B-43E7-9C14-E99CC97FDF85}"
EndProject
Global
	GlobalSection(SolutionConfigurationPlatforms) = preSolution
		Debug|Any CPU = Debug|Any CPU
		Release|Any CPU = Release|Any CPU
	EndGlobalSection
	GlobalSection(ProjectConfigurationPlatforms) = postSolution
		{EFA58B25-E98B-43E7-9C14-E99CC97FDF85}.Debug|Any CPU.ActiveCfg = Debug|Any CPU
		{EFA58B25-E98B-43E7-9C14-E99CC97FDF85}.Debug|Any CPU.Build.0 = Debug|Any CPU
		{EFA58B25-E98B-43E7-9C14-E99CC97FDF85}.Release|Any CPU.ActiveCfg = Release|Any CPU
		{EFA58B25-E98B-43E7-9C14-E99CC97FDF85}.Release|Any CPU.Build.0 = Release|Any CPU
	EndGlobalSection
	GlobalSection(SolutionProperties) = preSolution
		HideSolutionNode = FALSE
	EndGlobalSection
	GlobalSection(ExtensibilityGlobals) = postSolution
		SolutionGuid = {E9B98E6B-5937-4D6F-8E2C-D61F31346AB9}
	EndGlobalSection
EndGlobal
